
Microsoft Visual Studio Solution File, Format Version 12.00
# Visual Studio Version 17
VisualStudioVersion = 17.8.34316.72
MinimumVisualStudioVersion = 10.0.40219.1
Project("{FAE04EC0-301F-11D3-BF4B-00C04F79EFBC}") = "RestAndGrpcApp", "RestAndGrpcApp\RestAndGrpcApp.csproj", "{079A0CEE-19B7-439B-B9FD-EA847657BD35}"
EndProject
Global
	GlobalSection(SolutionConfigurationPlatforms) = preSolution
		Debug|Any CPU = Debug|Any CPU
		Release|Any CPU = Release|Any CPU
	EndGlobalSection
	GlobalSection(ProjectConfigurationPlatforms) = postSolution
		{079A0CEE-19B7-439B-B9FD-EA847657BD35}.Debug|Any CPU.ActiveCfg = Debug|Any CPU
		{079A0CEE-19B7-439B-B9FD-EA847657BD35}.Debug|Any CPU.Build.0 = Debug|Any CPU
		{079A0CEE-19B7-439B-B9FD-EA847657BD35}.Release|Any CPU.ActiveCfg = Release|Any CPU
		{079A0CEE-19B7-439B-B9FD-EA847657BD35}.Release|Any CPU.Build.0 = Release|Any CPU
	EndGlobalSection
	GlobalSection(SolutionProperties) = preSolution
		HideSolutionNode = FALSE
	EndGlobalSection
	GlobalSection(ExtensibilityGlobals) = postSolution
		SolutionGuid = {C28D1503-138C-41F3-B62E-711CB6772067}
	EndGlobalSection
EndGlobal
